{
  "requires": true,
  "lockfileVersion": 1,
  "dependencies": {
    "base4096hangul": {
      "version": "1.0.3",
      "resolved": "https://registry.npmjs.org/base4096hangul/-/base4096hangul-1.0.3.tgz",
      "integrity": "sha512-CENJkVKPMMMif4PkV7bS1hVIWL4k/K1DfT/B8JWn4VlYU+ppn2KamRDSVjdTbuMjmfNg249gtYPf7M7XhCUGUQ=="
    }
  }
}
